
Microsoft Visual Studio Solution File, Format Version 12.00
# Visual Studio Version 16
VisualStudioVersion = 16.0.29215.179
MinimumVisualStudioVersion = 10.0.40219.1
Project("{FAE04EC0-301F-11D3-BF4B-00C04F79EFBC}") = "Calculator", "Calculator.csproj", "{6541830A-28D8-4290-BD3C-B550E5CE91DA}"
EndProject
Project("{FAE04EC0-301F-11D3-BF4B-00C04F79EFBC}") = "CalculatorTests", "CalculatorTests\CalculatorTests.csproj", "{1311A090-F15C-4F02-B1AC-45228A6BDD0F}"
EndProject
Global
	GlobalSection(SolutionConfigurationPlatforms) = preSolution
		Debug|Any CPU = Debug|Any CPU
		Release|Any CPU = Release|Any CPU
	EndGlobalSection
	GlobalSection(ProjectConfigurationPlatforms) = postSolution
		{6541830A-28D8-4290-BD3C-B550E5CE91DA}.Debug|Any CPU.ActiveCfg = Debug|Any CPU
		{6541830A-28D8-4290-BD3C-B550E5CE91DA}.Debug|Any CPU.Build.0 = Debug|Any CPU
		{6541830A-28D8-4290-BD3C-B550E5CE91DA}.Release|Any CPU.ActiveCfg = Release|Any CPU
		{6541830A-28D8-4290-BD3C-B550E5CE91DA}.Release|Any CPU.Build.0 = Release|Any CPU
		{1311A090-F15C-4F02-B1AC-45228A6BDD0F}.Debug|Any CPU.ActiveCfg = Debug|Any CPU
		{1311A090-F15C-4F02-B1AC-45228A6BDD0F}.Debug|Any CPU.Build.0 = Debug|Any CPU
		{1311A090-F15C-4F02-B1AC-45228A6BDD0F}.Release|Any CPU.ActiveCfg = Release|Any CPU
		{1311A090-F15C-4F02-B1AC-45228A6BDD0F}.Release|Any CPU.Build.0 = Release|Any CPU
	EndGlobalSection
	GlobalSection(SolutionProperties) = preSolution
		HideSolutionNode = FALSE
	EndGlobalSection
	GlobalSection(ExtensibilityGlobals) = postSolution
		SolutionGuid = {AE241759-B7DC-43D7-901D-7FF9BC3EFC20}
	EndGlobalSection
EndGlobal
